
Microsoft Visual Studio Solution File, Format Version 12.00
# Visual Studio Version 17
VisualStudioVersion = 17.11.35303.130
MinimumVisualStudioVersion = 10.0.40219.1
Project("{FAE04EC0-301F-11D3-BF4B-00C04F79EFBC}") = "MedCRM", "MedCRM.csproj", "{3269763B-626E-430F-B713-33B79530D3DB}"
EndProject
Global
	GlobalSection(SolutionConfigurationPlatforms) = preSolution
		Debug|Any CPU = Debug|Any CPU
		Release|Any CPU = Release|Any CPU
	EndGlobalSection
	GlobalSection(ProjectConfigurationPlatforms) = postSolution
		{3269763B-626E-430F-B713-33B79530D3DB}.Debug|Any CPU.ActiveCfg = Debug|Any CPU
		{3269763B-626E-430F-B713-33B79530D3DB}.Debug|Any CPU.Build.0 = Debug|Any CPU
		{3269763B-626E-430F-B713-33B79530D3DB}.Release|Any CPU.ActiveCfg = Release|Any CPU
		{3269763B-626E-430F-B713-33B79530D3DB}.Release|Any CPU.Build.0 = Release|Any CPU
	EndGlobalSection
	GlobalSection(SolutionProperties) = preSolution
		HideSolutionNode = FALSE
	EndGlobalSection
	GlobalSection(ExtensibilityGlobals) = postSolution
		SolutionGuid = {177DED66-5387-480F-AC3C-6708EB3F2186}
	EndGlobalSection
EndGlobal
